{
  "name": "elp_projet",
  "lockfileVersion": 3,
  "requires": true,
  "type": "module",
  "packages": {
    "": {
      
      "dependencies": {
        "random-word-slugs": "^0.1.7"
      }
    },
    "node_modules/random-word-slugs": {
      "version": "0.1.7",
      "resolved": "https://registry.npmjs.org/random-word-slugs/-/random-word-slugs-0.1.7.tgz",
      "integrity": "sha512-8cyzxOIDeLFvwSPTgCItMXHGT5ZPkjhuFKUTww06Xg1dNMXuGxIKlARvS7upk6JXIm41ZKXmtlKR1iCRWklKmg=="
    }
  }
}
